// !$*UTF8*$!
{
	archiveVersion = 1;
	classes = {
	};
	objectVersion = 56;
	objects = {

/* Begin PBXBuildFile section */
		0FDDCAE92B5D3AAB001BCA09 /* CustomCollectionData.swift in Sources */ = {isa = PBXBuildFile; fileRef = 0FDDCAE82B5D3AAB001BCA09 /* CustomCollectionData.swift */; };
		0FDDCAED2B5D6F23001BCA09 /* FruitViewModel.swift in Sources */ = {isa = PBXBuildFile; fileRef = 0FDDCAEC2B5D6F23001BCA09 /* FruitViewModel.swift */; };
		1D18AD212B56F13F008C5CD0 /* AppDelegate.swift in Sources */ = {isa = PBXBuildFile; fileRef = 1D18AD202B56F13F008C5CD0 /* AppDelegate.swift */; };
		1D18AD232B56F13F008C5CD0 /* SceneDelegate.swift in Sources */ = {isa = PBXBuildFile; fileRef = 1D18AD222B56F13F008C5CD0 /* SceneDelegate.swift */; };
		1D18AD2A2B56F140008C5CD0 /* Assets.xcassets in Resources */ = {isa = PBXBuildFile; fileRef = 1D18AD292B56F140008C5CD0 /* Assets.xcassets */; };
		1D18AD2D2B56F140008C5CD0 /* LaunchScreen.storyboard in Resources */ = {isa = PBXBuildFile; fileRef = 1D18AD2B2B56F140008C5CD0 /* LaunchScreen.storyboard */; };
		1D18AD412B56F618008C5CD0 /* CustomCollectionViewCell.xib in Resources */ = {isa = PBXBuildFile; fileRef = 1D18AD3B2B56F618008C5CD0 /* CustomCollectionViewCell.xib */; };
		1D18AD422B56F618008C5CD0 /* HomeTableViewCell.swift in Sources */ = {isa = PBXBuildFile; fileRef = 1D18AD3C2B56F618008C5CD0 /* HomeTableViewCell.swift */; };
		1D18AD432B56F618008C5CD0 /* CustomCollectionViewCell.swift in Sources */ = {isa = PBXBuildFile; fileRef = 1D18AD3D2B56F618008C5CD0 /* CustomCollectionViewCell.swift */; };
		1D18AD442B56F618008C5CD0 /* CustomTableViewCell.xib in Resources */ = {isa = PBXBuildFile; fileRef = 1D18AD3E2B56F618008C5CD0 /* CustomTableViewCell.xib */; };
		1D18AD452B56F618008C5CD0 /* HomeTableViewCell.xib in Resources */ = {isa = PBXBuildFile; fileRef = 1D18AD3F2B56F618008C5CD0 /* HomeTableViewCell.xib */; };
		1D18AD462B56F618008C5CD0 /* CustomTableViewCell.swift in Sources */ = {isa = PBXBuildFile; fileRef = 1D18AD402B56F618008C5CD0 /* CustomTableViewCell.swift */; };
		1D18AD4A2B56F647008C5CD0 /* CustomCollectionViewController.swift in Sources */ = {isa = PBXBuildFile; fileRef = 1D18AD472B56F647008C5CD0 /* CustomCollectionViewController.swift */; };
		1D18AD4B2B56F647008C5CD0 /* CustomTableViewController.swift in Sources */ = {isa = PBXBuildFile; fileRef = 1D18AD482B56F647008C5CD0 /* CustomTableViewController.swift */; };
		1D18AD4C2B56F647008C5CD0 /* HomeViewController.swift in Sources */ = {isa = PBXBuildFile; fileRef = 1D18AD492B56F647008C5CD0 /* HomeViewController.swift */; };
		1D18AD4E2B56F65B008C5CD0 /* Main.storyboard in Resources */ = {isa = PBXBuildFile; fileRef = 1D18AD4D2B56F65A008C5CD0 /* Main.storyboard */; };
		1D18AD552B56F674008C5CD0 /* CustomCollectionViewModelAdaptable.swift in Sources */ = {isa = PBXBuildFile; fileRef = 1D18AD4F2B56F674008C5CD0 /* CustomCollectionViewModelAdaptable.swift */; };
		1D18AD562B56F674008C5CD0 /* CustomTableViewModelAdaptable.swift in Sources */ = {isa = PBXBuildFile; fileRef = 1D18AD502B56F674008C5CD0 /* CustomTableViewModelAdaptable.swift */; };
		1D18AD572B56F674008C5CD0 /* AnimalsViewModel.swift in Sources */ = {isa = PBXBuildFile; fileRef = 1D18AD512B56F674008C5CD0 /* AnimalsViewModel.swift */; };
		1D18AD582B56F674008C5CD0 /* HomeViewModelAdaptable.swift in Sources */ = {isa = PBXBuildFile; fileRef = 1D18AD522B56F674008C5CD0 /* HomeViewModelAdaptable.swift */; };
		1D18AD592B56F674008C5CD0 /* HomeViewModel.swift in Sources */ = {isa = PBXBuildFile; fileRef = 1D18AD532B56F674008C5CD0 /* HomeViewModel.swift */; };
		1D18AD5A2B56F674008C5CD0 /* CustomCollectionViewModel.swift in Sources */ = {isa = PBXBuildFile; fileRef = 1D18AD542B56F674008C5CD0 /* CustomCollectionViewModel.swift */; };
		1D18AD5D2B56F688008C5CD0 /* SPHomeListData.swift in Sources */ = {isa = PBXBuildFile; fileRef = 1D18AD5B2B56F688008C5CD0 /* SPHomeListData.swift */; };
		1D18AD5E2B56F688008C5CD0 /* SPCustomTableViewData.swift in Sources */ = {isa = PBXBuildFile; fileRef = 1D18AD5C2B56F688008C5CD0 /* SPCustomTableViewData.swift */; };
		1D18AD612B56F6C5008C5CD0 /* PhotoGallary.json in Resources */ = {isa = PBXBuildFile; fileRef = 1D18AD602B56F6C5008C5CD0 /* PhotoGallary.json */; };
		1D18AD642B56F6E7008C5CD0 /* CustomTableData.swift in Sources */ = {isa = PBXBuildFile; fileRef = 1D18AD622B56F6E7008C5CD0 /* CustomTableData.swift */; };
		1D18AD652B56F6E7008C5CD0 /* PhotoGallaryModel.swift in Sources */ = {isa = PBXBuildFile; fileRef = 1D18AD632B56F6E7008C5CD0 /* PhotoGallaryModel.swift */; };
		72725964BE180AF7DC9D552A /* Pods_TakeHomeProject.framework in Frameworks */ = {isa = PBXBuildFile; fileRef = 64E503655B900AA5408D72BD /* Pods_TakeHomeProject.framework */; };
/* End PBXBuildFile section */

/* Begin PBXFileReference section */
		0FDDCAE82B5D3AAB001BCA09 /* CustomCollectionData.swift */ = {isa = PBXFileReference; lastKnownFileType = sourcecode.swift; path = CustomCollectionData.swift; sourceTree = "<group>"; };
		0FDDCAEC2B5D6F23001BCA09 /* FruitViewModel.swift */ = {isa = PBXFileReference; lastKnownFileType = sourcecode.swift; path = FruitViewModel.swift; sourceTree = "<group>"; };
		1D18AD1D2B56F13F008C5CD0 /* TakeHomeProject.app */ = {isa = PBXFileReference; explicitFileType = wrapper.application; includeInIndex = 0; path = TakeHomeProject.app; sourceTree = BUILT_PRODUCTS_DIR; };
		1D18AD202B56F13F008C5CD0 /* AppDelegate.swift */ = {isa = PBXFileReference; lastKnownFileType = sourcecode.swift; path = AppDelegate.swift; sourceTree = "<group>"; };
		1D18AD222B56F13F008C5CD0 /* SceneDelegate.swift */ = {isa = PBXFileReference; lastKnownFileType = sourcecode.swift; path = SceneDelegate.swift; sourceTree = "<group>"; };
		1D18AD292B56F140008C5CD0 /* Assets.xcassets */ = {isa = PBXFileReference; lastKnownFileType = folder.assetcatalog; path = Assets.xcassets; sourceTree = "<group>"; };
		1D18AD2C2B56F140008C5CD0 /* Base */ = {isa = PBXFileReference; lastKnownFileType = file.storyboard; name = Base; path = Base.lproj/LaunchScreen.storyboard; sourceTree = "<group>"; };
		1D18AD2E2B56F140008C5CD0 /* Info.plist */ = {isa = PBXFileReference; lastKnownFileType = text.plist.xml; path = Info.plist; sourceTree = "<group>"; };
		1D18AD3B2B56F618008C5CD0 /* CustomCollectionViewCell.xib */ = {isa = PBXFileReference; fileEncoding = 4; lastKnownFileType = file.xib; path = CustomCollectionViewCell.xib; sourceTree = "<group>"; };
		1D18AD3C2B56F618008C5CD0 /* HomeTableViewCell.swift */ = {isa = PBXFileReference; fileEncoding = 4; lastKnownFileType = sourcecode.swift; path = HomeTableViewCell.swift; sourceTree = "<group>"; };
		1D18AD3D2B56F618008C5CD0 /* CustomCollectionViewCell.swift */ = {isa = PBXFileReference; fileEncoding = 4; lastKnownFileType = sourcecode.swift; path = CustomCollectionViewCell.swift; sourceTree = "<group>"; };
		1D18AD3E2B56F618008C5CD0 /* CustomTableViewCell.xib */ = {isa = PBXFileReference; fileEncoding = 4; lastKnownFileType = file.xib; path = CustomTableViewCell.xib; sourceTree = "<group>"; };
		1D18AD3F2B56F618008C5CD0 /* HomeTableViewCell.xib */ = {isa = PBXFileReference; fileEncoding = 4; lastKnownFileType = file.xib; path = HomeTableViewCell.xib; sourceTree = "<group>"; };
		1D18AD402B56F618008C5CD0 /* CustomTableViewCell.swift */ = {isa = PBXFileReference; fileEncoding = 4; lastKnownFileType = sourcecode.swift; path = CustomTableViewCell.swift; sourceTree = "<group>"; };
		1D18AD472B56F647008C5CD0 /* CustomCollectionViewController.swift */ = {isa = PBXFileReference; fileEncoding = 4; lastKnownFileType = sourcecode.swift; path = CustomCollectionViewController.swift; sourceTree = "<group>"; };
		1D18AD482B56F647008C5CD0 /* CustomTableViewController.swift */ = {isa = PBXFileReference; fileEncoding = 4; lastKnownFileType = sourcecode.swift; path = CustomTableViewController.swift; sourceTree = "<group>"; };
		1D18AD492B56F647008C5CD0 /* HomeViewController.swift */ = {isa = PBXFileReference; fileEncoding = 4; lastKnownFileType = sourcecode.swift; path = HomeViewController.swift; sourceTree = "<group>"; };
		1D18AD4D2B56F65A008C5CD0 /* Main.storyboard */ = {isa = PBXFileReference; fileEncoding = 4; lastKnownFileType = file.storyboard; path = Main.storyboard; sourceTree = "<group>"; };
		1D18AD4F2B56F674008C5CD0 /* CustomCollectionViewModelAdaptable.swift */ = {isa = PBXFileReference; fileEncoding = 4; lastKnownFileType = sourcecode.swift; path = CustomCollectionViewModelAdaptable.swift; sourceTree = "<group>"; };
		1D18AD502B56F674008C5CD0 /* CustomTableViewModelAdaptable.swift */ = {isa = PBXFileReference; fileEncoding = 4; lastKnownFileType = sourcecode.swift; path = CustomTableViewModelAdaptable.swift; sourceTree = "<group>"; };
		1D18AD512B56F674008C5CD0 /* AnimalsViewModel.swift */ = {isa = PBXFileReference; fileEncoding = 4; lastKnownFileType = sourcecode.swift; path = AnimalsViewModel.swift; sourceTree = "<group>"; };
		1D18AD522B56F674008C5CD0 /* HomeViewModelAdaptable.swift */ = {isa = PBXFileReference; fileEncoding = 4; lastKnownFileType = sourcecode.swift; path = HomeViewModelAdaptable.swift; sourceTree = "<group>"; };
		1D18AD532B56F674008C5CD0 /* HomeViewModel.swift */ = {isa = PBXFileReference; fileEncoding = 4; lastKnownFileType = sourcecode.swift; path = HomeViewModel.swift; sourceTree = "<group>"; };
		1D18AD542B56F674008C5CD0 /* CustomCollectionViewModel.swift */ = {isa = PBXFileReference; fileEncoding = 4; lastKnownFileType = sourcecode.swift; path = CustomCollectionViewModel.swift; sourceTree = "<group>"; };
		1D18AD5B2B56F688008C5CD0 /* SPHomeListData.swift */ = {isa = PBXFileReference; fileEncoding = 4; lastKnownFileType = sourcecode.swift; path = SPHomeListData.swift; sourceTree = "<group>"; };
		1D18AD5C2B56F688008C5CD0 /* SPCustomTableViewData.swift */ = {isa = PBXFileReference; fileEncoding = 4; lastKnownFileType = sourcecode.swift; path = SPCustomTableViewData.swift; sourceTree = "<group>"; };
		1D18AD602B56F6C5008C5CD0 /* PhotoGallary.json */ = {isa = PBXFileReference; fileEncoding = 4; lastKnownFileType = text.json; path = PhotoGallary.json; sourceTree = "<group>"; };
		1D18AD622B56F6E7008C5CD0 /* CustomTableData.swift */ = {isa = PBXFileReference; fileEncoding = 4; lastKnownFileType = sourcecode.swift; path = CustomTableData.swift; sourceTree = "<group>"; };
		1D18AD632B56F6E7008C5CD0 /* PhotoGallaryModel.swift */ = {isa = PBXFileReference; fileEncoding = 4; lastKnownFileType = sourcecode.swift; path = PhotoGallaryModel.swift; sourceTree = "<group>"; };
		64E503655B900AA5408D72BD /* Pods_TakeHomeProject.framework */ = {isa = PBXFileReference; explicitFileType = wrapper.framework; includeInIndex = 0; path = Pods_TakeHomeProject.framework; sourceTree = BUILT_PRODUCTS_DIR; };
		697F19F67BE56130A1C53620 /* Pods-TakeHomeProject.debug.xcconfig */ = {isa = PBXFileReference; includeInIndex = 1; lastKnownFileType = text.xcconfig; name = "Pods-TakeHomeProject.debug.xcconfig"; path = "Target Support Files/Pods-TakeHomeProject/Pods-TakeHomeProject.debug.xcconfig"; sourceTree = "<group>"; };
		89A2982A6F3C119C8C50C8CB /* Pods-TakeHomeProject.release.xcconfig */ = {isa = PBXFileReference; includeInIndex = 1; lastKnownFileType = text.xcconfig; name = "Pods-TakeHomeProject.release.xcconfig"; path = "Target Support Files/Pods-TakeHomeProject/Pods-TakeHomeProject.release.xcconfig"; sourceTree = "<group>"; };
/* End PBXFileReference section */

/* Begin PBXFrameworksBuildPhase section */
		1D18AD1A2B56F13F008C5CD0 /* Frameworks */ = {
			isa = PBXFrameworksBuildPhase;
			buildActionMask = 2147483647;
			files = (
				72725964BE180AF7DC9D552A /* Pods_TakeHomeProject.framework in Frameworks */,
			);
			runOnlyForDeploymentPostprocessing = 0;
		};
/* End PBXFrameworksBuildPhase section */

/* Begin PBXGroup section */
		1D18AD142B56F13F008C5CD0 = {
			isa = PBXGroup;
			children = (
				1D18AD1F2B56F13F008C5CD0 /* TakeHomeProject */,
				1D18AD1E2B56F13F008C5CD0 /* Products */,
				EAFC651A57737298A03D9CA3 /* Pods */,
				89B2ADDEE8745D0AF0C2CA7E /* Frameworks */,
			);
			sourceTree = "<group>";
		};
		1D18AD1E2B56F13F008C5CD0 /* Products */ = {
			isa = PBXGroup;
			children = (
				1D18AD1D2B56F13F008C5CD0 /* TakeHomeProject.app */,
			);
			name = Products;
			sourceTree = "<group>";
		};
		1D18AD1F2B56F13F008C5CD0 /* TakeHomeProject */ = {
			isa = PBXGroup;
			children = (
				1D18AD202B56F13F008C5CD0 /* AppDelegate.swift */,
				1D18AD222B56F13F008C5CD0 /* SceneDelegate.swift */,
				1D18AD342B56F151008C5CD0 /* Model */,
				1D18AD362B56F165008C5CD0 /* View */,
				1D18AD352B56F158008C5CD0 /* ViewModel */,
				1D18AD5F2B56F6A2008C5CD0 /* JsonFiles */,
				1D18AD372B56F173008C5CD0 /* Miscellaneous */,
				1D18AD292B56F140008C5CD0 /* Assets.xcassets */,
				1D18AD2B2B56F140008C5CD0 /* LaunchScreen.storyboard */,
				1D18AD2E2B56F140008C5CD0 /* Info.plist */,
			);
			path = TakeHomeProject;
			sourceTree = "<group>";
		};
		1D18AD342B56F151008C5CD0 /* Model */ = {
			isa = PBXGroup;
			children = (
				1D18AD622B56F6E7008C5CD0 /* CustomTableData.swift */,
				1D18AD632B56F6E7008C5CD0 /* PhotoGallaryModel.swift */,
				0FDDCAE82B5D3AAB001BCA09 /* CustomCollectionData.swift */,
				1D18AD512B56F674008C5CD0 /* AnimalsViewModel.swift */,
			);
			path = Model;
			sourceTree = "<group>";
		};
		1D18AD352B56F158008C5CD0 /* ViewModel */ = {
			isa = PBXGroup;
			children = (
				1D18AD542B56F674008C5CD0 /* CustomCollectionViewModel.swift */,
				1D18AD4F2B56F674008C5CD0 /* CustomCollectionViewModelAdaptable.swift */,
				1D18AD502B56F674008C5CD0 /* CustomTableViewModelAdaptable.swift */,
				1D18AD532B56F674008C5CD0 /* HomeViewModel.swift */,
				1D18AD522B56F674008C5CD0 /* HomeViewModelAdaptable.swift */,
				0FDDCAEC2B5D6F23001BCA09 /* FruitViewModel.swift */,
			);
			path = ViewModel;
			sourceTree = "<group>";
		};
		1D18AD362B56F165008C5CD0 /* View */ = {
			isa = PBXGroup;
			children = (
				1D18AD382B56F1D0008C5CD0 /* Views */,
				1D18AD392B56F1E4008C5CD0 /* Controller */,
				1D18AD3A2B56F5E2008C5CD0 /* Storyboard */,
			);
			path = View;
			sourceTree = "<group>";
		};
		1D18AD372B56F173008C5CD0 /* Miscellaneous */ = {
			isa = PBXGroup;
			children = (
				1D18AD5C2B56F688008C5CD0 /* SPCustomTableViewData.swift */,
				1D18AD5B2B56F688008C5CD0 /* SPHomeListData.swift */,
			);
			path = Miscellaneous;
			sourceTree = "<group>";
		};
		1D18AD382B56F1D0008C5CD0 /* Views */ = {
			isa = PBXGroup;
			children = (
				1D18AD3D2B56F618008C5CD0 /* CustomCollectionViewCell.swift */,
				1D18AD3B2B56F618008C5CD0 /* CustomCollectionViewCell.xib */,
				1D18AD402B56F618008C5CD0 /* CustomTableViewCell.swift */,
				1D18AD3E2B56F618008C5CD0 /* CustomTableViewCell.xib */,
				1D18AD3C2B56F618008C5CD0 /* HomeTableViewCell.swift */,
				1D18AD3F2B56F618008C5CD0 /* HomeTableViewCell.xib */,
			);
			path = Views;
			sourceTree = "<group>";
		};
		1D18AD392B56F1E4008C5CD0 /* Controller */ = {
			isa = PBXGroup;
			children = (
				1D18AD492B56F647008C5CD0 /* HomeViewController.swift */,
				1D18AD482B56F647008C5CD0 /* CustomTableViewController.swift */,
				1D18AD472B56F647008C5CD0 /* CustomCollectionViewController.swift */,
			);
			path = Controller;
			sourceTree = "<group>";
		};
		1D18AD3A2B56F5E2008C5CD0 /* Storyboard */ = {
			isa = PBXGroup;
			children = (
				1D18AD4D2B56F65A008C5CD0 /* Main.storyboard */,
			);
			path = Storyboard;
			sourceTree = "<group>";
		};
		1D18AD5F2B56F6A2008C5CD0 /* JsonFiles */ = {
			isa = PBXGroup;
			children = (
				1D18AD602B56F6C5008C5CD0 /* PhotoGallary.json */,
			);
			path = JsonFiles;
			sourceTree = "<group>";
		};
		89B2ADDEE8745D0AF0C2CA7E /* Frameworks */ = {
			isa = PBXGroup;
			children = (
				64E503655B900AA5408D72BD /* Pods_TakeHomeProject.framework */,
			);
			name = Frameworks;
			sourceTree = "<group>";
		};
		EAFC651A57737298A03D9CA3 /* Pods */ = {
			isa = PBXGroup;
			children = (
				697F19F67BE56130A1C53620 /* Pods-TakeHomeProject.debug.xcconfig */,
				89A2982A6F3C119C8C50C8CB /* Pods-TakeHomeProject.release.xcconfig */,
			);
			path = Pods;
			sourceTree = "<group>";
		};
/* End PBXGroup section */

/* Begin PBXNativeTarget section */
		1D18AD1C2B56F13F008C5CD0 /* TakeHomeProject */ = {
			isa = PBXNativeTarget;
			buildConfigurationList = 1D18AD312B56F140008C5CD0 /* Build configuration list for PBXNativeTarget "TakeHomeProject" */;
			buildPhases = (
				7E310C79E2F2CE8B9E664FD2 /* [CP] Check Pods Manifest.lock */,
				1D18AD192B56F13F008C5CD0 /* Sources */,
				1D18AD1A2B56F13F008C5CD0 /* Frameworks */,
				1D18AD1B2B56F13F008C5CD0 /* Resources */,
			);
			buildRules = (
			);
			dependencies = (
			);
			name = TakeHomeProject;
			productName = TakeHomeProject;
			productReference = 1D18AD1D2B56F13F008C5CD0 /* TakeHomeProject.app */;
			productType = "com.apple.product-type.application";
		};
/* End PBXNativeTarget section */

/* Begin PBXProject section */
		1D18AD152B56F13F008C5CD0 /* Project object */ = {
			isa = PBXProject;
			attributes = {
				BuildIndependentTargetsInParallel = 1;
				LastSwiftUpdateCheck = 1400;
				LastUpgradeCheck = 1400;
				TargetAttributes = {
					1D18AD1C2B56F13F008C5CD0 = {
						CreatedOnToolsVersion = 14.0.1;
					};
				};
			};
			buildConfigurationList = 1D18AD182B56F13F008C5CD0 /* Build configuration list for PBXProject "TakeHomeProject" */;
			compatibilityVersion = "Xcode 14.0";
			developmentRegion = en;
			hasScannedForEncodings = 0;
			knownRegions = (
				en,
				Base,
			);
			mainGroup = 1D18AD142B56F13F008C5CD0;
			productRefGroup = 1D18AD1E2B56F13F008C5CD0 /* Products */;
			projectDirPath = "";
			projectRoot = "";
			targets = (
				1D18AD1C2B56F13F008C5CD0 /* TakeHomeProject */,
			);
		};
/* End PBXProject section */

/* Begin PBXResourcesBuildPhase section */
		1D18AD1B2B56F13F008C5CD0 /* Resources */ = {
			isa = PBXResourcesBuildPhase;
			buildActionMask = 2147483647;
			files = (
				1D18AD4E2B56F65B008C5CD0 /* Main.storyboard in Resources */,
				1D18AD2D2B56F140008C5CD0 /* LaunchScreen.storyboard in Resources */,
				1D18AD2A2B56F140008C5CD0 /* Assets.xcassets in Resources */,
				1D18AD612B56F6C5008C5CD0 /* PhotoGallary.json in Resources */,
				1D18AD442B56F618008C5CD0 /* CustomTableViewCell.xib in Resources */,
				1D18AD452B56F618008C5CD0 /* HomeTableViewCell.xib in Resources */,
				1D18AD412B56F618008C5CD0 /* CustomCollectionViewCell.xib in Resources */,
			);
			runOnlyForDeploymentPostprocessing = 0;
		};
/* End PBXResourcesBuildPhase section */

/* Begin PBXShellScriptBuildPhase section */
		7E310C79E2F2CE8B9E664FD2 /* [CP] Check Pods Manifest.lock */ = {
			isa = PBXShellScriptBuildPhase;
			buildActionMask = 2147483647;
			files = (
			);
			inputFileListPaths = (
			);
			inputPaths = (
				"${PODS_PODFILE_DIR_PATH}/Podfile.lock",
				"${PODS_ROOT}/Manifest.lock",
			);
			name = "[CP] Check Pods Manifest.lock";
			outputFileListPaths = (
			);
			outputPaths = (
				"$(DERIVED_FILE_DIR)/Pods-TakeHomeProject-checkManifestLockResult.txt",
			);
			runOnlyForDeploymentPostprocessing = 0;
			shellPath = /bin/sh;
			shellScript = "diff \"${PODS_PODFILE_DIR_PATH}/Podfile.lock\" \"${PODS_ROOT}/Manifest.lock\" > /dev/null\nif [ $? != 0 ] ; then\n    # print error to STDERR\n    echo \"error: The sandbox is not in sync with the Podfile.lock. Run 'pod install' or update your CocoaPods installation.\" >&2\n    exit 1\nfi\n# This output is used by Xcode 'outputs' to avoid re-running this script phase.\necho \"SUCCESS\" > \"${SCRIPT_OUTPUT_FILE_0}\"\n";
			showEnvVarsInLog = 0;
		};
/* End PBXShellScriptBuildPhase section */

/* Begin PBXSourcesBuildPhase section */
		1D18AD192B56F13F008C5CD0 /* Sources */ = {
			isa = PBXSourcesBuildPhase;
			buildActionMask = 2147483647;
			files = (
				1D18AD462B56F618008C5CD0 /* CustomTableViewCell.swift in Sources */,
				1D18AD5D2B56F688008C5CD0 /* SPHomeListData.swift in Sources */,
				1D18AD582B56F674008C5CD0 /* HomeViewModelAdaptable.swift in Sources */,
				1D18AD642B56F6E7008C5CD0 /* CustomTableData.swift in Sources */,
				1D18AD432B56F618008C5CD0 /* CustomCollectionViewCell.swift in Sources */,
				1D18AD4A2B56F647008C5CD0 /* CustomCollectionViewController.swift in Sources */,
				1D18AD4B2B56F647008C5CD0 /* CustomTableViewController.swift in Sources */,
				1D18AD5E2B56F688008C5CD0 /* SPCustomTableViewData.swift in Sources */,
				0FDDCAE92B5D3AAB001BCA09 /* CustomCollectionData.swift in Sources */,
				1D18AD4C2B56F647008C5CD0 /* HomeViewController.swift in Sources */,
				1D18AD572B56F674008C5CD0 /* AnimalsViewModel.swift in Sources */,
				1D18AD5A2B56F674008C5CD0 /* CustomCollectionViewModel.swift in Sources */,
				1D18AD552B56F674008C5CD0 /* CustomCollectionViewModelAdaptable.swift in Sources */,
				1D18AD592B56F674008C5CD0 /* HomeViewModel.swift in Sources */,
				1D18AD652B56F6E7008C5CD0 /* PhotoGallaryModel.swift in Sources */,
				1D18AD212B56F13F008C5CD0 /* AppDelegate.swift in Sources */,
				1D18AD562B56F674008C5CD0 /* CustomTableViewModelAdaptable.swift in Sources */,
				0FDDCAED2B5D6F23001BCA09 /* FruitViewModel.swift in Sources */,
				1D18AD422B56F618008C5CD0 /* HomeTableViewCell.swift in Sources */,
				1D18AD232B56F13F008C5CD0 /* SceneDelegate.swift in Sources */,
			);
			runOnlyForDeploymentPostprocessing = 0;
		};
/* End PBXSourcesBuildPhase section */

/* Begin PBXVariantGroup section */
		1D18AD2B2B56F140008C5CD0 /* LaunchScreen.storyboard */ = {
			isa = PBXVariantGroup;
			children = (
				1D18AD2C2B56F140008C5CD0 /* Base */,
			);
			name = LaunchScreen.storyboard;
			sourceTree = "<group>";
		};
/* End PBXVariantGroup section */

/* Begin XCBuildConfiguration section */
		1D18AD2F2B56F140008C5CD0 /* Debug */ = {
			isa = XCBuildConfiguration;
			buildSettings = {
				ALWAYS_SEARCH_USER_PATHS = NO;
				CLANG_ANALYZER_NONNULL = YES;
				CLANG_ANALYZER_NUMBER_OBJECT_CONVERSION = YES_AGGRESSIVE;
				CLANG_CXX_LANGUAGE_STANDARD = "gnu++20";
				CLANG_ENABLE_MODULES = YES;
				CLANG_ENABLE_OBJC_ARC = YES;
				CLANG_ENABLE_OBJC_WEAK = YES;
				CLANG_WARN_BLOCK_CAPTURE_AUTORELEASING = YES;
				CLANG_WARN_BOOL_CONVERSION = YES;
				CLANG_WARN_COMMA = YES;
				CLANG_WARN_CONSTANT_CONVERSION = YES;
				CLANG_WARN_DEPRECATED_OBJC_IMPLEMENTATIONS = YES;
				CLANG_WARN_DIRECT_OBJC_ISA_USAGE = YES_ERROR;
				CLANG_WARN_DOCUMENTATION_COMMENTS = YES;
				CLANG_WARN_EMPTY_BODY = YES;
				CLANG_WARN_ENUM_CONVERSION = YES;
				CLANG_WARN_INFINITE_RECURSION = YES;
				CLANG_WARN_INT_CONVERSION = YES;
				CLANG_WARN_NON_LITERAL_NULL_CONVERSION = YES;
				CLANG_WARN_OBJC_IMPLICIT_RETAIN_SELF = YES;
				CLANG_WARN_OBJC_LITERAL_CONVERSION = YES;
				CLANG_WARN_OBJC_ROOT_CLASS = YES_ERROR;
				CLANG_WARN_QUOTED_INCLUDE_IN_FRAMEWORK_HEADER = YES;
				CLANG_WARN_RANGE_LOOP_ANALYSIS = YES;
				CLANG_WARN_STRICT_PROTOTYPES = YES;
				CLANG_WARN_SUSPICIOUS_MOVE = YES;
				CLANG_WARN_UNGUARDED_AVAILABILITY = YES_AGGRESSIVE;
				CLANG_WARN_UNREACHABLE_CODE = YES;
				CLANG_WARN__DUPLICATE_METHOD_MATCH = YES;
				COPY_PHASE_STRIP = NO;
				DEBUG_INFORMATION_FORMAT = dwarf;
				ENABLE_STRICT_OBJC_MSGSEND = YES;
				ENABLE_TESTABILITY = YES;
				GCC_C_LANGUAGE_STANDARD = gnu11;
				GCC_DYNAMIC_NO_PIC = NO;
				GCC_NO_COMMON_BLOCKS = YES;
				GCC_OPTIMIZATION_LEVEL = 0;
				GCC_PREPROCESSOR_DEFINITIONS = (
					"DEBUG=1",
					"$(inherited)",
				);
				GCC_WARN_64_TO_32_BIT_CONVERSION = YES;
				GCC_WARN_ABOUT_RETURN_TYPE = YES_ERROR;
				GCC_WARN_UNDECLARED_SELECTOR = YES;
				GCC_WARN_UNINITIALIZED_AUTOS = YES_AGGRESSIVE;
				GCC_WARN_UNUSED_FUNCTION = YES;
				GCC_WARN_UNUSED_VARIABLE = YES;
				IPHONEOS_DEPLOYMENT_TARGET = 16.0;
				MTL_ENABLE_DEBUG_INFO = INCLUDE_SOURCE;
				MTL_FAST_MATH = YES;
				ONLY_ACTIVE_ARCH = YES;
				SDKROOT = iphoneos;
				SWIFT_ACTIVE_COMPILATION_CONDITIONS = DEBUG;
				SWIFT_OPTIMIZATION_LEVEL = "-Onone";
			};
			name = Debug;
		};
		1D18AD302B56F140008C5CD0 /* Release */ = {
			isa = XCBuildConfiguration;
			buildSettings = {
				ALWAYS_SEARCH_USER_PATHS = NO;
				CLANG_ANALYZER_NONNULL = YES;
				CLANG_ANALYZER_NUMBER_OBJECT_CONVERSION = YES_AGGRESSIVE;
				CLANG_CXX_LANGUAGE_STANDARD = "gnu++20";
				CLANG_ENABLE_MODULES = YES;
				CLANG_ENABLE_OBJC_ARC = YES;
				CLANG_ENABLE_OBJC_WEAK = YES;
				CLANG_WARN_BLOCK_CAPTURE_AUTORELEASING = YES;
				CLANG_WARN_BOOL_CONVERSION = YES;
				CLANG_WARN_COMMA = YES;
				CLANG_WARN_CONSTANT_CONVERSION = YES;
				CLANG_WARN_DEPRECATED_OBJC_IMPLEMENTATIONS = YES;
				CLANG_WARN_DIRECT_OBJC_ISA_USAGE = YES_ERROR;
				CLANG_WARN_DOCUMENTATION_COMMENTS = YES;
				CLANG_WARN_EMPTY_BODY = YES;
				CLANG_WARN_ENUM_CONVERSION = YES;
				CLANG_WARN_INFINITE_RECURSION = YES;
				CLANG_WARN_INT_CONVERSION = YES;
				CLANG_WARN_NON_LITERAL_NULL_CONVERSION = YES;
				CLANG_WARN_OBJC_IMPLICIT_RETAIN_SELF = YES;
				CLANG_WARN_OBJC_LITERAL_CONVERSION = YES;
				CLANG_WARN_OBJC_ROOT_CLASS = YES_ERROR;
				CLANG_WARN_QUOTED_INCLUDE_IN_FRAMEWORK_HEADER = YES;
				CLANG_WARN_RANGE_LOOP_ANALYSIS = YES;
				CLANG_WARN_STRICT_PROTOTYPES = YES;
				CLANG_WARN_SUSPICIOUS_MOVE = YES;
				CLANG_WARN_UNGUARDED_AVAILABILITY = YES_AGGRESSIVE;
				CLANG_WARN_UNREACHABLE_CODE = YES;
				CLANG_WARN__DUPLICATE_METHOD_MATCH = YES;
				COPY_PHASE_STRIP = NO;
				DEBUG_INFORMATION_FORMAT = "dwarf-with-dsym";
				ENABLE_NS_ASSERTIONS = NO;
				ENABLE_STRICT_OBJC_MSGSEND = YES;
				GCC_C_LANGUAGE_STANDARD = gnu11;
				GCC_NO_COMMON_BLOCKS = YES;
				GCC_WARN_64_TO_32_BIT_CONVERSION = YES;
				GCC_WARN_ABOUT_RETURN_TYPE = YES_ERROR;
				GCC_WARN_UNDECLARED_SELECTOR = YES;
				GCC_WARN_UNINITIALIZED_AUTOS = YES_AGGRESSIVE;
				GCC_WARN_UNUSED_FUNCTION = YES;
				GCC_WARN_UNUSED_VARIABLE = YES;
				IPHONEOS_DEPLOYMENT_TARGET = 16.0;
				MTL_ENABLE_DEBUG_INFO = NO;
				MTL_FAST_MATH = YES;
				SDKROOT = iphoneos;
				SWIFT_COMPILATION_MODE = wholemodule;
				SWIFT_OPTIMIZATION_LEVEL = "-O";
				VALIDATE_PRODUCT = YES;
			};
			name = Release;
		};
		1D18AD322B56F140008C5CD0 /* Debug */ = {
			isa = XCBuildConfiguration;
			baseConfigurationReference = 697F19F67BE56130A1C53620 /* Pods-TakeHomeProject.debug.xcconfig */;
			buildSettings = {
				ASSETCATALOG_COMPILER_APPICON_NAME = AppIcon;
				ASSETCATALOG_COMPILER_GLOBAL_ACCENT_COLOR_NAME = AccentColor;
				CODE_SIGN_STYLE = Automatic;
				CURRENT_PROJECT_VERSION = 1;
				GENERATE_INFOPLIST_FILE = YES;
				INFOPLIST_FILE = TakeHomeProject/Info.plist;
				INFOPLIST_KEY_UIApplicationSupportsIndirectInputEvents = YES;
				INFOPLIST_KEY_UILaunchStoryboardName = LaunchScreen;
				INFOPLIST_KEY_UIMainStoryboardFile = Main;
				INFOPLIST_KEY_UISupportedInterfaceOrientations_iPad = "UIInterfaceOrientationPortrait UIInterfaceOrientationPortraitUpsideDown UIInterfaceOrientationLandscapeLeft UIInterfaceOrientationLandscapeRight";
				INFOPLIST_KEY_UISupportedInterfaceOrientations_iPhone = "UIInterfaceOrientationPortrait UIInterfaceOrientationLandscapeLeft UIInterfaceOrientationLandscapeRight";
				LD_RUNPATH_SEARCH_PATHS = (
					"$(inherited)",
					"@executable_path/Frameworks",
				);
				MARKETING_VERSION = 1.0;
				PRODUCT_BUNDLE_IDENTIFIER = Com.TakeHomeProject;
				PRODUCT_NAME = "$(TARGET_NAME)";
				SWIFT_EMIT_LOC_STRINGS = YES;
				SWIFT_VERSION = 5.0;
				TARGETED_DEVICE_FAMILY = "1,2";
			};
			name = Debug;
		};
		1D18AD332B56F140008C5CD0 /* Release */ = {
			isa = XCBuildConfiguration;
			baseConfigurationReference = 89A2982A6F3C119C8C50C8CB /* Pods-TakeHomeProject.release.xcconfig */;
			buildSettings = {
				ASSETCATALOG_COMPILER_APPICON_NAME = AppIcon;
				ASSETCATALOG_COMPILER_GLOBAL_ACCENT_COLOR_NAME = AccentColor;
				CODE_SIGN_STYLE = Automatic;
				CURRENT_PROJECT_VERSION = 1;
				GENERATE_INFOPLIST_FILE = YES;
				INFOPLIST_FILE = TakeHomeProject/Info.plist;
				INFOPLIST_KEY_UIApplicationSupportsIndirectInputEvents = YES;
				INFOPLIST_KEY_UILaunchStoryboardName = LaunchScreen;
				INFOPLIST_KEY_UIMainStoryboardFile = Main;
				INFOPLIST_KEY_UISupportedInterfaceOrientations_iPad = "UIInterfaceOrientationPortrait UIInterfaceOrientationPortraitUpsideDown UIInterfaceOrientationLandscapeLeft UIInterfaceOrientationLandscapeRight";
				INFOPLIST_KEY_UISupportedInterfaceOrientations_iPhone = "UIInterfaceOrientationPortrait UIInterfaceOrientationLandscapeLeft UIInterfaceOrientationLandscapeRight";
				LD_RUNPATH_SEARCH_PATHS = (
					"$(inherited)",
					"@executable_path/Frameworks",
				);
				MARKETING_VERSION = 1.0;
				PRODUCT_BUNDLE_IDENTIFIER = Com.TakeHomeProject;
				PRODUCT_NAME = "$(TARGET_NAME)";
				SWIFT_EMIT_LOC_STRINGS = YES;
				SWIFT_VERSION = 5.0;
				TARGETED_DEVICE_FAMILY = "1,2";
			};
			name = Release;
		};
/* End XCBuildConfiguration section */

/* Begin XCConfigurationList section */
		1D18AD182B56F13F008C5CD0 /* Build configuration list for PBXProject "TakeHomeProject" */ = {
			isa = XCConfigurationList;
			buildConfigurations = (
				1D18AD2F2B56F140008C5CD0 /* Debug */,
				1D18AD302B56F140008C5CD0 /* Release */,
			);
			defaultConfigurationIsVisible = 0;
			defaultConfigurationName = Release;
		};
		1D18AD312B56F140008C5CD0 /* Build configuration list for PBXNativeTarget "TakeHomeProject" */ = {
			isa = XCConfigurationList;
			buildConfigurations = (
				1D18AD322B56F140008C5CD0 /* Debug */,
				1D18AD332B56F140008C5CD0 /* Release */,
			);
			defaultConfigurationIsVisible = 0;
			defaultConfigurationName = Release;
		};
/* End XCConfigurationList section */
	};
	rootObject = 1D18AD152B56F13F008C5CD0 /* Project object */;
}
